
Microsoft Visual Studio Solution File, Format Version 12.00
# Visual Studio 15
VisualStudioVersion = 15.0.27130.0
MinimumVisualStudioVersion = 10.0.40219.1
Project("{FAE04EC0-301F-11D3-BF4B-00C04F79EFBC}") = "App10.Android", "App10\App10.Android\App10.Android.csproj", "{D4CF9A3D-00E5-45CB-BD97-1BB5DEFF30AD}"
EndProject
Project("{FAE04EC0-301F-11D3-BF4B-00C04F79EFBC}") = "App10.UWP", "App10\App10.UWP\App10.UWP.csproj", "{93CA8387-DF22-44EB-BB52-5031CF5F0B3F}"
EndProject
Project("{FAE04EC0-301F-11D3-BF4B-00C04F79EFBC}") = "App10", "App10\App10\App10.csproj", "{E9CC1870-8F38-4276-801C-82265AFAE3AB}"
EndProject
Global
	GlobalSection(SolutionConfigurationPlatforms) = preSolution
		Debug|Any CPU = Debug|Any CPU
		Debug|ARM = Debug|ARM
		Debug|x64 = Debug|x64
		Debug|x86 = Debug|x86
		Release|Any CPU = Release|Any CPU
		Release|ARM = Release|ARM
		Release|x64 = Release|x64
		Release|x86 = Release|x86
	EndGlobalSection
	GlobalSection(ProjectConfigurationPlatforms) = postSolution
		{D4CF9A3D-00E5-45CB-BD97-1BB5DEFF30AD}.Debug|Any CPU.ActiveCfg = Debug|Any CPU
		{D4CF9A3D-00E5-45CB-BD97-1BB5DEFF30AD}.Debug|Any CPU.Build.0 = Debug|Any CPU
		{D4CF9A3D-00E5-45CB-BD97-1BB5DEFF30AD}.Debug|Any CPU.Deploy.0 = Debug|Any CPU
		{D4CF9A3D-00E5-45CB-BD97-1BB5DEFF30AD}.Debug|ARM.ActiveCfg = Debug|Any CPU
		{D4CF9A3D-00E5-45CB-BD97-1BB5DEFF30AD}.Debug|ARM.Build.0 = Debug|Any CPU
		{D4CF9A3D-00E5-45CB-BD97-1BB5DEFF30AD}.Debug|ARM.Deploy.0 = Debug|Any CPU
		{D4CF9A3D-00E5-45CB-BD97-1BB5DEFF30AD}.Debug|x64.ActiveCfg = Debug|Any CPU
		{D4CF9A3D-00E5-45CB-BD97-1BB5DEFF30AD}.Debug|x64.Build.0 = Debug|Any CPU
		{D4CF9A3D-00E5-45CB-BD97-1BB5DEFF30AD}.Debug|x64.Deploy.0 = Debug|Any CPU
		{D4CF9A3D-00E5-45CB-BD97-1BB5DEFF30AD}.Debug|x86.ActiveCfg = Debug|Any CPU
		{D4CF9A3D-00E5-45CB-BD97-1BB5DEFF30AD}.Debug|x86.Build.0 = Debug|Any CPU
		{D4CF9A3D-00E5-45CB-BD97-1BB5DEFF30AD}.Debug|x86.Deploy.0 = Debug|Any CPU
		{D4CF9A3D-00E5-45CB-BD97-1BB5DEFF30AD}.Release|Any CPU.ActiveCfg = Release|Any CPU
		{D4CF9A3D-00E5-45CB-BD97-1BB5DEFF30AD}.Release|Any CPU.Build.0 = Release|Any CPU
		{D4CF9A3D-00E5-45CB-BD97-1BB5DEFF30AD}.Release|Any CPU.Deploy.0 = Release|Any CPU
		{D4CF9A3D-00E5-45CB-BD97-1BB5DEFF30AD}.Release|ARM.ActiveCfg = Release|Any CPU
		{D4CF9A3D-00E5-45CB-BD97-1BB5DEFF30AD}.Release|ARM.Build.0 = Release|Any CPU
		{D4CF9A3D-00E5-45CB-BD97-1BB5DEFF30AD}.Release|ARM.Deploy.0 = Release|Any CPU
		{D4CF9A3D-00E5-45CB-BD97-1BB5DEFF30AD}.Release|x64.ActiveCfg = Release|Any CPU
		{D4CF9A3D-00E5-45CB-BD97-1BB5DEFF30AD}.Release|x64.Build.0 = Release|Any CPU
		{D4CF9A3D-00E5-45CB-BD97-1BB5DEFF30AD}.Release|x64.Deploy.0 = Release|Any CPU
		{D4CF9A3D-00E5-45CB-BD97-1BB5DEFF30AD}.Release|x86.ActiveCfg = Release|Any CPU
		{D4CF9A3D-00E5-45CB-BD97-1BB5DEFF30AD}.Release|x86.Build.0 = Release|Any CPU
		{D4CF9A3D-00E5-45CB-BD97-1BB5DEFF30AD}.Release|x86.Deploy.0 = Release|Any CPU
		{93CA8387-DF22-44EB-BB52-5031CF5F0B3F}.Debug|Any CPU.ActiveCfg = Debug|x86
		{93CA8387-DF22-44EB-BB52-5031CF5F0B3F}.Debug|ARM.ActiveCfg = Debug|ARM
		{93CA8387-DF22-44EB-BB52-5031CF5F0B3F}.Debug|ARM.Build.0 = Debug|ARM
		{93CA8387-DF22-44EB-BB52-5031CF5F0B3F}.Debug|ARM.Deploy.0 = Debug|ARM
		{93CA8387-DF22-44EB-BB52-5031CF5F0B3F}.Debug|x64.ActiveCfg = Debug|x64
		{93CA8387-DF22-44EB-BB52-5031CF5F0B3F}.Debug|x64.Build.0 = Debug|x64
		{93CA8387-DF22-44EB-BB52-5031CF5F0B3F}.Debug|x64.Deploy.0 = Debug|x64
		{93CA8387-DF22-44EB-BB52-5031CF5F0B3F}.Debug|x86.ActiveCfg = Debug|x86
		{93CA8387-DF22-44EB-BB52-5031CF5F0B3F}.Debug|x86.Build.0 = Debug|x86
		{93CA8387-DF22-44EB-BB52-5031CF5F0B3F}.Debug|x86.Deploy.0 = Debug|x86
		{93CA8387-DF22-44EB-BB52-5031CF5F0B3F}.Release|Any CPU.ActiveCfg = Release|x86
		{93CA8387-DF22-44EB-BB52-5031CF5F0B3F}.Release|ARM.ActiveCfg = Release|ARM
		{93CA8387-DF22-44EB-BB52-5031CF5F0B3F}.Release|ARM.Build.0 = Release|ARM
		{93CA8387-DF22-44EB-BB52-5031CF5F0B3F}.Release|ARM.Deploy.0 = Release|ARM
		{93CA8387-DF22-44EB-BB52-5031CF5F0B3F}.Release|x64.ActiveCfg = Release|x64
		{93CA8387-DF22-44EB-BB52-5031CF5F0B3F}.Release|x64.Build.0 = Release|x64
		{93CA8387-DF22-44EB-BB52-5031CF5F0B3F}.Release|x64.Deploy.0 = Release|x64
		{93CA8387-DF22-44EB-BB52-5031CF5F0B3F}.Release|x86.ActiveCfg = Release|x86
		{93CA8387-DF22-44EB-BB52-5031CF5F0B3F}.Release|x86.Build.0 = Release|x86
		{93CA8387-DF22-44EB-BB52-5031CF5F0B3F}.Release|x86.Deploy.0 = Release|x86
		{E9CC1870-8F38-4276-801C-82265AFAE3AB}.Debug|Any CPU.ActiveCfg = Debug|Any CPU
		{E9CC1870-8F38-4276-801C-82265AFAE3AB}.Debug|Any CPU.Build.0 = Debug|Any CPU
		{E9CC1870-8F38-4276-801C-82265AFAE3AB}.Debug|ARM.ActiveCfg = Debug|Any CPU
		{E9CC1870-8F38-4276-801C-82265AFAE3AB}.Debug|ARM.Build.0 = Debug|Any CPU
		{E9CC1870-8F38-4276-801C-82265AFAE3AB}.Debug|x64.ActiveCfg = Debug|Any CPU
		{E9CC1870-8F38-4276-801C-82265AFAE3AB}.Debug|x64.Build.0 = Debug|Any CPU
		{E9CC1870-8F38-4276-801C-82265AFAE3AB}.Debug|x86.ActiveCfg = Debug|Any CPU
		{E9CC1870-8F38-4276-801C-82265AFAE3AB}.Debug|x86.Build.0 = Debug|Any CPU
		{E9CC1870-8F38-4276-801C-82265AFAE3AB}.Release|Any CPU.ActiveCfg = Release|Any CPU
		{E9CC1870-8F38-4276-801C-82265AFAE3AB}.Release|Any CPU.Build.0 = Release|Any CPU
		{E9CC1870-8F38-4276-801C-82265AFAE3AB}.Release|ARM.ActiveCfg = Release|Any CPU
		{E9CC1870-8F38-4276-801C-82265AFAE3AB}.Release|ARM.Build.0 = Release|Any CPU
		{E9CC1870-8F38-4276-801C-82265AFAE3AB}.Release|x64.ActiveCfg = Release|Any CPU
		{E9CC1870-8F38-4276-801C-82265AFAE3AB}.Release|x64.Build.0 = Release|Any CPU
		{E9CC1870-8F38-4276-801C-82265AFAE3AB}.Release|x86.ActiveCfg = Release|Any CPU
		{E9CC1870-8F38-4276-801C-82265AFAE3AB}.Release|x86.Build.0 = Release|Any CPU
	EndGlobalSection
	GlobalSection(SolutionProperties) = preSolution
		HideSolutionNode = FALSE
	EndGlobalSection
	GlobalSection(ExtensibilityGlobals) = postSolution
		SolutionGuid = {5089D74E-8288-4B4F-9F45-3352124D1932}
	EndGlobalSection
EndGlobal
