
Microsoft Visual Studio Solution File, Format Version 12.00
# Visual Studio 15
VisualStudioVersion = 15.0.28307.136
MinimumVisualStudioVersion = 10.0.40219.1
Project("{FAE04EC0-301F-11D3-BF4B-00C04F79EFBC}") = "App2.Android", "App2\App2.Android\App2.Android.csproj", "{38A4A6BC-7A08-494E-823D-2827DA82770E}"
EndProject
Project("{FAE04EC0-301F-11D3-BF4B-00C04F79EFBC}") = "App2", "App2\App2\App2.csproj", "{0AD8B260-0ADB-498A-BCFE-8A9506ABEF88}"
EndProject
Global
	GlobalSection(SolutionConfigurationPlatforms) = preSolution
		Debug|Any CPU = Debug|Any CPU
		Release|Any CPU = Release|Any CPU
	EndGlobalSection
	GlobalSection(ProjectConfigurationPlatforms) = postSolution
		{38A4A6BC-7A08-494E-823D-2827DA82770E}.Debug|Any CPU.ActiveCfg = Debug|Any CPU
		{38A4A6BC-7A08-494E-823D-2827DA82770E}.Debug|Any CPU.Build.0 = Debug|Any CPU
		{38A4A6BC-7A08-494E-823D-2827DA82770E}.Debug|Any CPU.Deploy.0 = Debug|Any CPU
		{38A4A6BC-7A08-494E-823D-2827DA82770E}.Release|Any CPU.ActiveCfg = Release|Any CPU
		{38A4A6BC-7A08-494E-823D-2827DA82770E}.Release|Any CPU.Build.0 = Release|Any CPU
		{38A4A6BC-7A08-494E-823D-2827DA82770E}.Release|Any CPU.Deploy.0 = Release|Any CPU
		{0AD8B260-0ADB-498A-BCFE-8A9506ABEF88}.Debug|Any CPU.ActiveCfg = Debug|Any CPU
		{0AD8B260-0ADB-498A-BCFE-8A9506ABEF88}.Debug|Any CPU.Build.0 = Debug|Any CPU
		{0AD8B260-0ADB-498A-BCFE-8A9506ABEF88}.Debug|Any CPU.Deploy.0 = Debug|Any CPU
		{0AD8B260-0ADB-498A-BCFE-8A9506ABEF88}.Release|Any CPU.ActiveCfg = Release|Any CPU
		{0AD8B260-0ADB-498A-BCFE-8A9506ABEF88}.Release|Any CPU.Build.0 = Release|Any CPU
		{0AD8B260-0ADB-498A-BCFE-8A9506ABEF88}.Release|Any CPU.Deploy.0 = Release|Any CPU
	EndGlobalSection
	GlobalSection(SolutionProperties) = preSolution
		HideSolutionNode = FALSE
	EndGlobalSection
	GlobalSection(ExtensibilityGlobals) = postSolution
		SolutionGuid = {7A18440C-CBD7-4591-BA44-9A91F4F558AD}
	EndGlobalSection
EndGlobal
